{
  "requires": true,
  "lockfileVersion": 1,
  "dependencies": {
    "colors": {
      "version": "1.4.0",
      "resolved": "https://registry.npmjs.org/colors/-/colors-1.4.0.tgz",
      "integrity": "sha512-a+UqTh4kgZg/SlGvfbzDHpgRu7AAQOmmqRHJnxhRZICKFUT91brVhNNt58CMWU9PsBbv3PDCZUHbVxuDiH2mtA=="
    },
    "commander": {
      "version": "7.2.0",
      "resolved": "https://registry.npmjs.org/commander/-/commander-7.2.0.tgz",
      "integrity": "sha512-QrWXB+ZQSVPmIWIhtEO9H+gwHaMGYiF5ChvoJ+K9ZGHG/sVsa6yiesAD1GC/x46sET00Xlwo1u49RVVVzvcSkw=="
    },
    "encode32": {
      "version": "1.1.0",
      "resolved": "https://registry.npmjs.org/encode32/-/encode32-1.1.0.tgz",
      "integrity": "sha1-DFS0X7MUrVUC48Iwy5Ws3F5c0d0="
    },
    "nodemailer": {
      "version": "6.6.1",
      "resolved": "https://registry.npmjs.org/nodemailer/-/nodemailer-6.6.1.tgz",
      "integrity": "sha512-1xzFN3gqv+/qJ6YRyxBxfTYstLNt0FCtZaFRvf4Sg9wxNGWbwFmGXVpfSi6ThGK6aRxAo+KjHtYSW8NvCsNSAg=="
    },
    "uuid": {
      "version": "8.3.2",
      "resolved": "https://registry.npmjs.org/uuid/-/uuid-8.3.2.tgz",
      "integrity": "sha512-+NYs2QeMWy+GWFOEm9xnn6HCDp0l7QBD7ml8zLUmJ+93Q5NF0NocErnwkTkXVFNiX3/fpC6afS8Dhb/gz7R7eg=="
    },
    "uuid-apikey": {
      "version": "1.5.2",
      "resolved": "https://registry.npmjs.org/uuid-apikey/-/uuid-apikey-1.5.2.tgz",
      "integrity": "sha512-FT6oveGr/oqQ+AlVXYUre0ugCXx1Ea9vlH2eKc7mGYBnpsWwTE64vA1mDVbjMWtNsP2zs12Z4ymvog4ilNu+aQ==",
      "requires": {
        "colors": "^1.4.0",
        "commander": "^7.1.0",
        "encode32": "^1.1.0",
        "uuid": "^8.3.1"
      }
    }
  }
}
